// !$*UTF8*$!
{
	archiveVersion = 1;
	classes = {
	};
	objectVersion = 50;
	objects = {

/* Begin PBXBuildFile section */
		EE52812326D897DB00530652 /* AppDelegate.swift in Sources */ = {isa = PBXBuildFile; fileRef = EE52812226D897DB00530652 /* AppDelegate.swift */; };
		EE52812526D897DB00530652 /* SceneDelegate.swift in Sources */ = {isa = PBXBuildFile; fileRef = EE52812426D897DB00530652 /* SceneDelegate.swift */; };
		EE52812726D897DB00530652 /* ViewController.swift in Sources */ = {isa = PBXBuildFile; fileRef = EE52812626D897DB00530652 /* ViewController.swift */; };
		EE52812A26D897DB00530652 /* Main.storyboard in Resources */ = {isa = PBXBuildFile; fileRef = EE52812826D897DB00530652 /* Main.storyboard */; };
		EE52812C26D897DC00530652 /* Assets.xcassets in Resources */ = {isa = PBXBuildFile; fileRef = EE52812B26D897DC00530652 /* Assets.xcassets */; };
		EE52812F26D897DC00530652 /* LaunchScreen.storyboard in Resources */ = {isa = PBXBuildFile; fileRef = EE52812D26D897DC00530652 /* LaunchScreen.storyboard */; };
		EE52813A26D897DC00530652 /* FirstUnitTestTests.swift in Sources */ = {isa = PBXBuildFile; fileRef = EE52813926D897DC00530652 /* FirstUnitTestTests.swift */; };
		EE52814526D897DC00530652 /* FirstUnitTestUITests.swift in Sources */ = {isa = PBXBuildFile; fileRef = EE52814426D897DC00530652 /* FirstUnitTestUITests.swift */; };
		EE52815326D898E100530652 /* Calculator.swift in Sources */ = {isa = PBXBuildFile; fileRef = EE52815226D898E100530652 /* Calculator.swift */; };
		EE52815726D89A5600530652 /* CalculatorTest.swift in Sources */ = {isa = PBXBuildFile; fileRef = EE52815626D89A5600530652 /* CalculatorTest.swift */; };
/* End PBXBuildFile section */

/* Begin PBXContainerItemProxy section */
		EE52813626D897DC00530652 /* PBXContainerItemProxy */ = {
			isa = PBXContainerItemProxy;
			containerPortal = EE52811726D897DB00530652 /* Project object */;
			proxyType = 1;
			remoteGlobalIDString = EE52811E26D897DB00530652;
			remoteInfo = FirstUnitTest;
		};
		EE52814126D897DC00530652 /* PBXContainerItemProxy */ = {
			isa = PBXContainerItemProxy;
			containerPortal = EE52811726D897DB00530652 /* Project object */;
			proxyType = 1;
			remoteGlobalIDString = EE52811E26D897DB00530652;
			remoteInfo = FirstUnitTest;
		};
/* End PBXContainerItemProxy section */

/* Begin PBXFileReference section */
		EE52811F26D897DB00530652 /* FirstUnitTest.app */ = {isa = PBXFileReference; explicitFileType = wrapper.application; includeInIndex = 0; path = FirstUnitTest.app; sourceTree = BUILT_PRODUCTS_DIR; };
		EE52812226D897DB00530652 /* AppDelegate.swift */ = {isa = PBXFileReference; lastKnownFileType = sourcecode.swift; path = AppDelegate.swift; sourceTree = "<group>"; };
		EE52812426D897DB00530652 /* SceneDelegate.swift */ = {isa = PBXFileReference; lastKnownFileType = sourcecode.swift; path = SceneDelegate.swift; sourceTree = "<group>"; };
		EE52812626D897DB00530652 /* ViewController.swift */ = {isa = PBXFileReference; lastKnownFileType = sourcecode.swift; path = ViewController.swift; sourceTree = "<group>"; };
		EE52812926D897DB00530652 /* Base */ = {isa = PBXFileReference; lastKnownFileType = file.storyboard; name = Base; path = Base.lproj/Main.storyboard; sourceTree = "<group>"; };
		EE52812B26D897DC00530652 /* Assets.xcassets */ = {isa = PBXFileReference; lastKnownFileType = folder.assetcatalog; path = Assets.xcassets; sourceTree = "<group>"; };
		EE52812E26D897DC00530652 /* Base */ = {isa = PBXFileReference; lastKnownFileType = file.storyboard; name = Base; path = Base.lproj/LaunchScreen.storyboard; sourceTree = "<group>"; };
		EE52813026D897DC00530652 /* Info.plist */ = {isa = PBXFileReference; lastKnownFileType = text.plist.xml; path = Info.plist; sourceTree = "<group>"; };
		EE52813526D897DC00530652 /* FirstUnitTestTests.xctest */ = {isa = PBXFileReference; explicitFileType = wrapper.cfbundle; includeInIndex = 0; path = FirstUnitTestTests.xctest; sourceTree = BUILT_PRODUCTS_DIR; };
		EE52813926D897DC00530652 /* FirstUnitTestTests.swift */ = {isa = PBXFileReference; lastKnownFileType = sourcecode.swift; path = FirstUnitTestTests.swift; sourceTree = "<group>"; };
		EE52813B26D897DC00530652 /* Info.plist */ = {isa = PBXFileReference; lastKnownFileType = text.plist.xml; path = Info.plist; sourceTree = "<group>"; };
		EE52814026D897DC00530652 /* FirstUnitTestUITests.xctest */ = {isa = PBXFileReference; explicitFileType = wrapper.cfbundle; includeInIndex = 0; path = FirstUnitTestUITests.xctest; sourceTree = BUILT_PRODUCTS_DIR; };
		EE52814426D897DC00530652 /* FirstUnitTestUITests.swift */ = {isa = PBXFileReference; lastKnownFileType = sourcecode.swift; path = FirstUnitTestUITests.swift; sourceTree = "<group>"; };
		EE52814626D897DC00530652 /* Info.plist */ = {isa = PBXFileReference; lastKnownFileType = text.plist.xml; path = Info.plist; sourceTree = "<group>"; };
		EE52815226D898E100530652 /* Calculator.swift */ = {isa = PBXFileReference; lastKnownFileType = sourcecode.swift; path = Calculator.swift; sourceTree = "<group>"; };
		EE52815626D89A5600530652 /* CalculatorTest.swift */ = {isa = PBXFileReference; lastKnownFileType = sourcecode.swift; path = CalculatorTest.swift; sourceTree = "<group>"; };
/* End PBXFileReference section */

/* Begin PBXFrameworksBuildPhase section */
		EE52811C26D897DB00530652 /* Frameworks */ = {
			isa = PBXFrameworksBuildPhase;
			buildActionMask = 2147483647;
			files = (
			);
			runOnlyForDeploymentPostprocessing = 0;
		};
		EE52813226D897DC00530652 /* Frameworks */ = {
			isa = PBXFrameworksBuildPhase;
			buildActionMask = 2147483647;
			files = (
			);
			runOnlyForDeploymentPostprocessing = 0;
		};
		EE52813D26D897DC00530652 /* Frameworks */ = {
			isa = PBXFrameworksBuildPhase;
			buildActionMask = 2147483647;
			files = (
			);
			runOnlyForDeploymentPostprocessing = 0;
		};
/* End PBXFrameworksBuildPhase section */

/* Begin PBXGroup section */
		EE52811626D897DB00530652 = {
			isa = PBXGroup;
			children = (
				EE52812126D897DB00530652 /* FirstUnitTest */,
				EE52813826D897DC00530652 /* FirstUnitTestTests */,
				EE52814326D897DC00530652 /* FirstUnitTestUITests */,
				EE52812026D897DB00530652 /* Products */,
			);
			sourceTree = "<group>";
		};
		EE52812026D897DB00530652 /* Products */ = {
			isa = PBXGroup;
			children = (
				EE52811F26D897DB00530652 /* FirstUnitTest.app */,
				EE52813526D897DC00530652 /* FirstUnitTestTests.xctest */,
				EE52814026D897DC00530652 /* FirstUnitTestUITests.xctest */,
			);
			name = Products;
			sourceTree = "<group>";
		};
		EE52812126D897DB00530652 /* FirstUnitTest */ = {
			isa = PBXGroup;
			children = (
				EE52812226D897DB00530652 /* AppDelegate.swift */,
				EE52812426D897DB00530652 /* SceneDelegate.swift */,
				EE52812626D897DB00530652 /* ViewController.swift */,
				EE52812826D897DB00530652 /* Main.storyboard */,
				EE52812B26D897DC00530652 /* Assets.xcassets */,
				EE52812D26D897DC00530652 /* LaunchScreen.storyboard */,
				EE52813026D897DC00530652 /* Info.plist */,
				EE52815226D898E100530652 /* Calculator.swift */,
			);
			path = FirstUnitTest;
			sourceTree = "<group>";
		};
		EE52813826D897DC00530652 /* FirstUnitTestTests */ = {
			isa = PBXGroup;
			children = (
				EE52813926D897DC00530652 /* FirstUnitTestTests.swift */,
				EE52813B26D897DC00530652 /* Info.plist */,
				EE52815626D89A5600530652 /* CalculatorTest.swift */,
			);
			path = FirstUnitTestTests;
			sourceTree = "<group>";
		};
		EE52814326D897DC00530652 /* FirstUnitTestUITests */ = {
			isa = PBXGroup;
			children = (
				EE52814426D897DC00530652 /* FirstUnitTestUITests.swift */,
				EE52814626D897DC00530652 /* Info.plist */,
			);
			path = FirstUnitTestUITests;
			sourceTree = "<group>";
		};
/* End PBXGroup section */

/* Begin PBXNativeTarget section */
		EE52811E26D897DB00530652 /* FirstUnitTest */ = {
			isa = PBXNativeTarget;
			buildConfigurationList = EE52814926D897DC00530652 /* Build configuration list for PBXNativeTarget "FirstUnitTest" */;
			buildPhases = (
				EE52811B26D897DB00530652 /* Sources */,
				EE52811C26D897DB00530652 /* Frameworks */,
				EE52811D26D897DB00530652 /* Resources */,
			);
			buildRules = (
			);
			dependencies = (
			);
			name = FirstUnitTest;
			productName = FirstUnitTest;
			productReference = EE52811F26D897DB00530652 /* FirstUnitTest.app */;
			productType = "com.apple.product-type.application";
		};
		EE52813426D897DC00530652 /* FirstUnitTestTests */ = {
			isa = PBXNativeTarget;
			buildConfigurationList = EE52814C26D897DC00530652 /* Build configuration list for PBXNativeTarget "FirstUnitTestTests" */;
			buildPhases = (
				EE52813126D897DC00530652 /* Sources */,
				EE52813226D897DC00530652 /* Frameworks */,
				EE52813326D897DC00530652 /* Resources */,
			);
			buildRules = (
			);
			dependencies = (
				EE52813726D897DC00530652 /* PBXTargetDependency */,
			);
			name = FirstUnitTestTests;
			productName = FirstUnitTestTests;
			productReference = EE52813526D897DC00530652 /* FirstUnitTestTests.xctest */;
			productType = "com.apple.product-type.bundle.unit-test";
		};
		EE52813F26D897DC00530652 /* FirstUnitTestUITests */ = {
			isa = PBXNativeTarget;
			buildConfigurationList = EE52814F26D897DC00530652 /* Build configuration list for PBXNativeTarget "FirstUnitTestUITests" */;
			buildPhases = (
				EE52813C26D897DC00530652 /* Sources */,
				EE52813D26D897DC00530652 /* Frameworks */,
				EE52813E26D897DC00530652 /* Resources */,
			);
			buildRules = (
			);
			dependencies = (
				EE52814226D897DC00530652 /* PBXTargetDependency */,
			);
			name = FirstUnitTestUITests;
			productName = FirstUnitTestUITests;
			productReference = EE52814026D897DC00530652 /* FirstUnitTestUITests.xctest */;
			productType = "com.apple.product-type.bundle.ui-testing";
		};
/* End PBXNativeTarget section */

/* Begin PBXProject section */
		EE52811726D897DB00530652 /* Project object */ = {
			isa = PBXProject;
			attributes = {
				LastSwiftUpdateCheck = 1250;
				LastUpgradeCheck = 1250;
				TargetAttributes = {
					EE52811E26D897DB00530652 = {
						CreatedOnToolsVersion = 12.5.1;
					};
					EE52813426D897DC00530652 = {
						CreatedOnToolsVersion = 12.5.1;
						TestTargetID = EE52811E26D897DB00530652;
					};
					EE52813F26D897DC00530652 = {
						CreatedOnToolsVersion = 12.5.1;
						TestTargetID = EE52811E26D897DB00530652;
					};
				};
			};
			buildConfigurationList = EE52811A26D897DB00530652 /* Build configuration list for PBXProject "FirstUnitTest" */;
			compatibilityVersion = "Xcode 9.3";
			developmentRegion = en;
			hasScannedForEncodings = 0;
			knownRegions = (
				en,
				Base,
			);
			mainGroup = EE52811626D897DB00530652;
			productRefGroup = EE52812026D897DB00530652 /* Products */;
			projectDirPath = "";
			projectRoot = "";
			targets = (
				EE52811E26D897DB00530652 /* FirstUnitTest */,
				EE52813426D897DC00530652 /* FirstUnitTestTests */,
				EE52813F26D897DC00530652 /* FirstUnitTestUITests */,
			);
		};
/* End PBXProject section */

/* Begin PBXResourcesBuildPhase section */
		EE52811D26D897DB00530652 /* Resources */ = {
			isa = PBXResourcesBuildPhase;
			buildActionMask = 2147483647;
			files = (
				EE52812F26D897DC00530652 /* LaunchScreen.storyboard in Resources */,
				EE52812C26D897DC00530652 /* Assets.xcassets in Resources */,
				EE52812A26D897DB00530652 /* Main.storyboard in Resources */,
			);
			runOnlyForDeploymentPostprocessing = 0;
		};
		EE52813326D897DC00530652 /* Resources */ = {
			isa = PBXResourcesBuildPhase;
			buildActionMask = 2147483647;
			files = (
			);
			runOnlyForDeploymentPostprocessing = 0;
		};
		EE52813E26D897DC00530652 /* Resources */ = {
			isa = PBXResourcesBuildPhase;
			buildActionMask = 2147483647;
			files = (
			);
			runOnlyForDeploymentPostprocessing = 0;
		};
/* End PBXResourcesBuildPhase section */

/* Begin PBXSourcesBuildPhase section */
		EE52811B26D897DB00530652 /* Sources */ = {
			isa = PBXSourcesBuildPhase;
			buildActionMask = 2147483647;
			files = (
				EE52812726D897DB00530652 /* ViewController.swift in Sources */,
				EE52815326D898E100530652 /* Calculator.swift in Sources */,
				EE52812326D897DB00530652 /* AppDelegate.swift in Sources */,
				EE52812526D897DB00530652 /* SceneDelegate.swift in Sources */,
			);
			runOnlyForDeploymentPostprocessing = 0;
		};
		EE52813126D897DC00530652 /* Sources */ = {
			isa = PBXSourcesBuildPhase;
			buildActionMask = 2147483647;
			files = (
				EE52813A26D897DC00530652 /* FirstUnitTestTests.swift in Sources */,
				EE52815726D89A5600530652 /* CalculatorTest.swift in Sources */,
			);
			runOnlyForDeploymentPostprocessing = 0;
		};
		EE52813C26D897DC00530652 /* Sources */ = {
			isa = PBXSourcesBuildPhase;
			buildActionMask = 2147483647;
			files = (
				EE52814526D897DC00530652 /* FirstUnitTestUITests.swift in Sources */,
			);
			runOnlyForDeploymentPostprocessing = 0;
		};
/* End PBXSourcesBuildPhase section */

/* Begin PBXTargetDependency section */
		EE52813726D897DC00530652 /* PBXTargetDependency */ = {
			isa = PBXTargetDependency;
			target = EE52811E26D897DB00530652 /* FirstUnitTest */;
			targetProxy = EE52813626D897DC00530652 /* PBXContainerItemProxy */;
		};
		EE52814226D897DC00530652 /* PBXTargetDependency */ = {
			isa = PBXTargetDependency;
			target = EE52811E26D897DB00530652 /* FirstUnitTest */;
			targetProxy = EE52814126D897DC00530652 /* PBXContainerItemProxy */;
		};
/* End PBXTargetDependency section */

/* Begin PBXVariantGroup section */
		EE52812826D897DB00530652 /* Main.storyboard */ = {
			isa = PBXVariantGroup;
			children = (
				EE52812926D897DB00530652 /* Base */,
			);
			name = Main.storyboard;
			sourceTree = "<group>";
		};
		EE52812D26D897DC00530652 /* LaunchScreen.storyboard */ = {
			isa = PBXVariantGroup;
			children = (
				EE52812E26D897DC00530652 /* Base */,
			);
			name = LaunchScreen.storyboard;
			sourceTree = "<group>";
		};
/* End PBXVariantGroup section */

/* Begin XCBuildConfiguration section */
		EE52814726D897DC00530652 /* Debug */ = {
			isa = XCBuildConfiguration;
			buildSettings = {
				ALWAYS_SEARCH_USER_PATHS = NO;
				CLANG_ANALYZER_NONNULL = YES;
				CLANG_ANALYZER_NUMBER_OBJECT_CONVERSION = YES_AGGRESSIVE;
				CLANG_CXX_LANGUAGE_STANDARD = "gnu++14";
				CLANG_CXX_LIBRARY = "libc++";
				CLANG_ENABLE_MODULES = YES;
				CLANG_ENABLE_OBJC_ARC = YES;
				CLANG_ENABLE_OBJC_WEAK = YES;
				CLANG_WARN_BLOCK_CAPTURE_AUTORELEASING = YES;
				CLANG_WARN_BOOL_CONVERSION = YES;
				CLANG_WARN_COMMA = YES;
				CLANG_WARN_CONSTANT_CONVERSION = YES;
				CLANG_WARN_DEPRECATED_OBJC_IMPLEMENTATIONS = YES;
				CLANG_WARN_DIRECT_OBJC_ISA_USAGE = YES_ERROR;
				CLANG_WARN_DOCUMENTATION_COMMENTS = YES;
				CLANG_WARN_EMPTY_BODY = YES;
				CLANG_WARN_ENUM_CONVERSION = YES;
				CLANG_WARN_INFINITE_RECURSION = YES;
				CLANG_WARN_INT_CONVERSION = YES;
				CLANG_WARN_NON_LITERAL_NULL_CONVERSION = YES;
				CLANG_WARN_OBJC_IMPLICIT_RETAIN_SELF = YES;
				CLANG_WARN_OBJC_LITERAL_CONVERSION = YES;
				CLANG_WARN_OBJC_ROOT_CLASS = YES_ERROR;
				CLANG_WARN_QUOTED_INCLUDE_IN_FRAMEWORK_HEADER = YES;
				CLANG_WARN_RANGE_LOOP_ANALYSIS = YES;
				CLANG_WARN_STRICT_PROTOTYPES = YES;
				CLANG_WARN_SUSPICIOUS_MOVE = YES;
				CLANG_WARN_UNGUARDED_AVAILABILITY = YES_AGGRESSIVE;
				CLANG_WARN_UNREACHABLE_CODE = YES;
				CLANG_WARN__DUPLICATE_METHOD_MATCH = YES;
				COPY_PHASE_STRIP = NO;
				DEBUG_INFORMATION_FORMAT = dwarf;
				ENABLE_STRICT_OBJC_MSGSEND = YES;
				ENABLE_TESTABILITY = YES;
				GCC_C_LANGUAGE_STANDARD = gnu11;
				GCC_DYNAMIC_NO_PIC = NO;
				GCC_NO_COMMON_BLOCKS = YES;
				GCC_OPTIMIZATION_LEVEL = 0;
				GCC_PREPROCESSOR_DEFINITIONS = (
					"DEBUG=1",
					"$(inherited)",
				);
				GCC_WARN_64_TO_32_BIT_CONVERSION = YES;
				GCC_WARN_ABOUT_RETURN_TYPE = YES_ERROR;
				GCC_WARN_UNDECLARED_SELECTOR = YES;
				GCC_WARN_UNINITIALIZED_AUTOS = YES_AGGRESSIVE;
				GCC_WARN_UNUSED_FUNCTION = YES;
				GCC_WARN_UNUSED_VARIABLE = YES;
				IPHONEOS_DEPLOYMENT_TARGET = 14.5;
				MTL_ENABLE_DEBUG_INFO = INCLUDE_SOURCE;
				MTL_FAST_MATH = YES;
				ONLY_ACTIVE_ARCH = YES;
				SDKROOT = iphoneos;
				SWIFT_ACTIVE_COMPILATION_CONDITIONS = DEBUG;
				SWIFT_OPTIMIZATION_LEVEL = "-Onone";
			};
			name = Debug;
		};
		EE52814826D897DC00530652 /* Release */ = {
			isa = XCBuildConfiguration;
			buildSettings = {
				ALWAYS_SEARCH_USER_PATHS = NO;
				CLANG_ANALYZER_NONNULL = YES;
				CLANG_ANALYZER_NUMBER_OBJECT_CONVERSION = YES_AGGRESSIVE;
				CLANG_CXX_LANGUAGE_STANDARD = "gnu++14";
				CLANG_CXX_LIBRARY = "libc++";
				CLANG_ENABLE_MODULES = YES;
				CLANG_ENABLE_OBJC_ARC = YES;
				CLANG_ENABLE_OBJC_WEAK = YES;
				CLANG_WARN_BLOCK_CAPTURE_AUTORELEASING = YES;
				CLANG_WARN_BOOL_CONVERSION = YES;
				CLANG_WARN_COMMA = YES;
				CLANG_WARN_CONSTANT_CONVERSION = YES;
				CLANG_WARN_DEPRECATED_OBJC_IMPLEMENTATIONS = YES;
				CLANG_WARN_DIRECT_OBJC_ISA_USAGE = YES_ERROR;
				CLANG_WARN_DOCUMENTATION_COMMENTS = YES;
				CLANG_WARN_EMPTY_BODY = YES;
				CLANG_WARN_ENUM_CONVERSION = YES;
				CLANG_WARN_INFINITE_RECURSION = YES;
				CLANG_WARN_INT_CONVERSION = YES;
				CLANG_WARN_NON_LITERAL_NULL_CONVERSION = YES;
				CLANG_WARN_OBJC_IMPLICIT_RETAIN_SELF = YES;
				CLANG_WARN_OBJC_LITERAL_CONVERSION = YES;
				CLANG_WARN_OBJC_ROOT_CLASS = YES_ERROR;
				CLANG_WARN_QUOTED_INCLUDE_IN_FRAMEWORK_HEADER = YES;
				CLANG_WARN_RANGE_LOOP_ANALYSIS = YES;
				CLANG_WARN_STRICT_PROTOTYPES = YES;
				CLANG_WARN_SUSPICIOUS_MOVE = YES;
				CLANG_WARN_UNGUARDED_AVAILABILITY = YES_AGGRESSIVE;
				CLANG_WARN_UNREACHABLE_CODE = YES;
				CLANG_WARN__DUPLICATE_METHOD_MATCH = YES;
				COPY_PHASE_STRIP = NO;
				DEBUG_INFORMATION_FORMAT = "dwarf-with-dsym";
				ENABLE_NS_ASSERTIONS = NO;
				ENABLE_STRICT_OBJC_MSGSEND = YES;
				GCC_C_LANGUAGE_STANDARD = gnu11;
				GCC_NO_COMMON_BLOCKS = YES;
				GCC_WARN_64_TO_32_BIT_CONVERSION = YES;
				GCC_WARN_ABOUT_RETURN_TYPE = YES_ERROR;
				GCC_WARN_UNDECLARED_SELECTOR = YES;
				GCC_WARN_UNINITIALIZED_AUTOS = YES_AGGRESSIVE;
				GCC_WARN_UNUSED_FUNCTION = YES;
				GCC_WARN_UNUSED_VARIABLE = YES;
				IPHONEOS_DEPLOYMENT_TARGET = 14.5;
				MTL_ENABLE_DEBUG_INFO = NO;
				MTL_FAST_MATH = YES;
				SDKROOT = iphoneos;
				SWIFT_COMPILATION_MODE = wholemodule;
				SWIFT_OPTIMIZATION_LEVEL = "-O";
				VALIDATE_PRODUCT = YES;
			};
			name = Release;
		};
		EE52814A26D897DC00530652 /* Debug */ = {
			isa = XCBuildConfiguration;
			buildSettings = {
				ASSETCATALOG_COMPILER_APPICON_NAME = AppIcon;
				ASSETCATALOG_COMPILER_GLOBAL_ACCENT_COLOR_NAME = AccentColor;
				CODE_SIGN_STYLE = Automatic;
				DEVELOPMENT_TEAM = QQ8P9L4TPZ;
				INFOPLIST_FILE = FirstUnitTest/Info.plist;
				LD_RUNPATH_SEARCH_PATHS = (
					"$(inherited)",
					"@executable_path/Frameworks",
				);
				PRODUCT_BUNDLE_IDENTIFIER = com.jrgarrigues.FirstUnitTest;
				PRODUCT_NAME = "$(TARGET_NAME)";
				SWIFT_VERSION = 5.0;
				TARGETED_DEVICE_FAMILY = "1,2";
			};
			name = Debug;
		};
		EE52814B26D897DC00530652 /* Release */ = {
			isa = XCBuildConfiguration;
			buildSettings = {
				ASSETCATALOG_COMPILER_APPICON_NAME = AppIcon;
				ASSETCATALOG_COMPILER_GLOBAL_ACCENT_COLOR_NAME = AccentColor;
				CODE_SIGN_STYLE = Automatic;
				DEVELOPMENT_TEAM = QQ8P9L4TPZ;
				INFOPLIST_FILE = FirstUnitTest/Info.plist;
				LD_RUNPATH_SEARCH_PATHS = (
					"$(inherited)",
					"@executable_path/Frameworks",
				);
				PRODUCT_BUNDLE_IDENTIFIER = com.jrgarrigues.FirstUnitTest;
				PRODUCT_NAME = "$(TARGET_NAME)";
				SWIFT_VERSION = 5.0;
				TARGETED_DEVICE_FAMILY = "1,2";
			};
			name = Release;
		};
		EE52814D26D897DC00530652 /* Debug */ = {
			isa = XCBuildConfiguration;
			buildSettings = {
				ALWAYS_EMBED_SWIFT_STANDARD_LIBRARIES = YES;
				BUNDLE_LOADER = "$(TEST_HOST)";
				CODE_SIGN_STYLE = Automatic;
				DEVELOPMENT_TEAM = QQ8P9L4TPZ;
				INFOPLIST_FILE = FirstUnitTestTests/Info.plist;
				IPHONEOS_DEPLOYMENT_TARGET = 14.5;
				LD_RUNPATH_SEARCH_PATHS = (
					"$(inherited)",
					"@executable_path/Frameworks",
					"@loader_path/Frameworks",
				);
				PRODUCT_BUNDLE_IDENTIFIER = com.jrgarrigues.FirstUnitTestTests;
				PRODUCT_NAME = "$(TARGET_NAME)";
				SWIFT_VERSION = 5.0;
				TARGETED_DEVICE_FAMILY = "1,2";
				TEST_HOST = "$(BUILT_PRODUCTS_DIR)/FirstUnitTest.app/FirstUnitTest";
			};
			name = Debug;
		};
		EE52814E26D897DC00530652 /* Release */ = {
			isa = XCBuildConfiguration;
			buildSettings = {
				ALWAYS_EMBED_SWIFT_STANDARD_LIBRARIES = YES;
				BUNDLE_LOADER = "$(TEST_HOST)";
				CODE_SIGN_STYLE = Automatic;
				DEVELOPMENT_TEAM = QQ8P9L4TPZ;
				INFOPLIST_FILE = FirstUnitTestTests/Info.plist;
				IPHONEOS_DEPLOYMENT_TARGET = 14.5;
				LD_RUNPATH_SEARCH_PATHS = (
					"$(inherited)",
					"@executable_path/Frameworks",
					"@loader_path/Frameworks",
				);
				PRODUCT_BUNDLE_IDENTIFIER = com.jrgarrigues.FirstUnitTestTests;
				PRODUCT_NAME = "$(TARGET_NAME)";
				SWIFT_VERSION = 5.0;
				TARGETED_DEVICE_FAMILY = "1,2";
				TEST_HOST = "$(BUILT_PRODUCTS_DIR)/FirstUnitTest.app/FirstUnitTest";
			};
			name = Release;
		};
		EE52815026D897DC00530652 /* Debug */ = {
			isa = XCBuildConfiguration;
			buildSettings = {
				ALWAYS_EMBED_SWIFT_STANDARD_LIBRARIES = YES;
				CODE_SIGN_STYLE = Automatic;
				DEVELOPMENT_TEAM = QQ8P9L4TPZ;
				INFOPLIST_FILE = FirstUnitTestUITests/Info.plist;
				LD_RUNPATH_SEARCH_PATHS = (
					"$(inherited)",
					"@executable_path/Frameworks",
					"@loader_path/Frameworks",
				);
				PRODUCT_BUNDLE_IDENTIFIER = com.jrgarrigues.FirstUnitTestUITests;
				PRODUCT_NAME = "$(TARGET_NAME)";
				SWIFT_VERSION = 5.0;
				TARGETED_DEVICE_FAMILY = "1,2";
				TEST_TARGET_NAME = FirstUnitTest;
			};
			name = Debug;
		};
		EE52815126D897DC00530652 /* Release */ = {
			isa = XCBuildConfiguration;
			buildSettings = {
				ALWAYS_EMBED_SWIFT_STANDARD_LIBRARIES = YES;
				CODE_SIGN_STYLE = Automatic;
				DEVELOPMENT_TEAM = QQ8P9L4TPZ;
				INFOPLIST_FILE = FirstUnitTestUITests/Info.plist;
				LD_RUNPATH_SEARCH_PATHS = (
					"$(inherited)",
					"@executable_path/Frameworks",
					"@loader_path/Frameworks",
				);
				PRODUCT_BUNDLE_IDENTIFIER = com.jrgarrigues.FirstUnitTestUITests;
				PRODUCT_NAME = "$(TARGET_NAME)";
				SWIFT_VERSION = 5.0;
				TARGETED_DEVICE_FAMILY = "1,2";
				TEST_TARGET_NAME = FirstUnitTest;
			};
			name = Release;
		};
/* End XCBuildConfiguration section */

/* Begin XCConfigurationList section */
		EE52811A26D897DB00530652 /* Build configuration list for PBXProject "FirstUnitTest" */ = {
			isa = XCConfigurationList;
			buildConfigurations = (
				EE52814726D897DC00530652 /* Debug */,
				EE52814826D897DC00530652 /* Release */,
			);
			defaultConfigurationIsVisible = 0;
			defaultConfigurationName = Release;
		};
		EE52814926D897DC00530652 /* Build configuration list for PBXNativeTarget "FirstUnitTest" */ = {
			isa = XCConfigurationList;
			buildConfigurations = (
				EE52814A26D897DC00530652 /* Debug */,
				EE52814B26D897DC00530652 /* Release */,
			);
			defaultConfigurationIsVisible = 0;
			defaultConfigurationName = Release;
		};
		EE52814C26D897DC00530652 /* Build configuration list for PBXNativeTarget "FirstUnitTestTests" */ = {
			isa = XCConfigurationList;
			buildConfigurations = (
				EE52814D26D897DC00530652 /* Debug */,
				EE52814E26D897DC00530652 /* Release */,
			);
			defaultConfigurationIsVisible = 0;
			defaultConfigurationName = Release;
		};
		EE52814F26D897DC00530652 /* Build configuration list for PBXNativeTarget "FirstUnitTestUITests" */ = {
			isa = XCConfigurationList;
			buildConfigurations = (
				EE52815026D897DC00530652 /* Debug */,
				EE52815126D897DC00530652 /* Release */,
			);
			defaultConfigurationIsVisible = 0;
			defaultConfigurationName = Release;
		};
/* End XCConfigurationList section */
	};
	rootObject = EE52811726D897DB00530652 /* Project object */;
}
